
Microsoft Visual Studio Solution File, Format Version 12.00
# Visual Studio 15
VisualStudioVersion = 15.0.26124.0
MinimumVisualStudioVersion = 15.0.26124.0
Project("{FAE04EC0-301F-11D3-BF4B-00C04F79EFBC}") = "API", "API\API.csproj", "{68F29CE4-9FDA-45C5-BCFF-DDECA5BEBC67}"
EndProject
Project("{FAE04EC0-301F-11D3-BF4B-00C04F79EFBC}") = "BL", "BL\BL.csproj", "{DCB70FA2-9F7F-467D-B7F9-0FD70674CBF1}"
EndProject
Project("{FAE04EC0-301F-11D3-BF4B-00C04F79EFBC}") = "DL", "DL\DL.csproj", "{0CF37B19-5F6E-411A-B2A2-963215DE1A5F}"
EndProject
Project("{FAE04EC0-301F-11D3-BF4B-00C04F79EFBC}") = "Models", "Models\Models.csproj", "{2C644CE0-9127-472E-863B-C43992CAA7FC}"
EndProject
Project("{2150E333-8FDC-42A3-9474-1A3956D46DE8}") = "Tests", "Tests", "{D1E77226-3E9A-4523-8AAC-C6DF0E62EAD8}"
EndProject
Project("{FAE04EC0-301F-11D3-BF4B-00C04F79EFBC}") = "APITests", "Tests\APITests\APITests.csproj", "{1F05A67E-75D2-44F7-92A2-1FB26D5FB9E0}"
EndProject
Project("{FAE04EC0-301F-11D3-BF4B-00C04F79EFBC}") = "BLTests", "Tests\BLTests\BLTests.csproj", "{26481E6F-42FB-4AC8-AF9E-819426E9ACBF}"
EndProject
Project("{FAE04EC0-301F-11D3-BF4B-00C04F79EFBC}") = "DLTests", "Tests\DLTests\DLTests.csproj", "{1484A030-073F-4EBA-83BB-D4BC2F74A2CF}"
EndProject
Project("{FAE04EC0-301F-11D3-BF4B-00C04F79EFBC}") = "ModelTests", "Tests\ModelTests\ModelTests.csproj", "{B9FC43EB-7054-43CB-A17C-F6C0B0B3343B}"
EndProject
Global
	GlobalSection(SolutionConfigurationPlatforms) = preSolution
		Debug|Any CPU = Debug|Any CPU
		Debug|x64 = Debug|x64
		Debug|x86 = Debug|x86
		Release|Any CPU = Release|Any CPU
		Release|x64 = Release|x64
		Release|x86 = Release|x86
	EndGlobalSection
	GlobalSection(SolutionProperties) = preSolution
		HideSolutionNode = FALSE
	EndGlobalSection
	GlobalSection(ProjectConfigurationPlatforms) = postSolution
		{68F29CE4-9FDA-45C5-BCFF-DDECA5BEBC67}.Debug|Any CPU.ActiveCfg = Debug|Any CPU
		{68F29CE4-9FDA-45C5-BCFF-DDECA5BEBC67}.Debug|Any CPU.Build.0 = Debug|Any CPU
		{68F29CE4-9FDA-45C5-BCFF-DDECA5BEBC67}.Debug|x64.ActiveCfg = Debug|Any CPU
		{68F29CE4-9FDA-45C5-BCFF-DDECA5BEBC67}.Debug|x64.Build.0 = Debug|Any CPU
		{68F29CE4-9FDA-45C5-BCFF-DDECA5BEBC67}.Debug|x86.ActiveCfg = Debug|Any CPU
		{68F29CE4-9FDA-45C5-BCFF-DDECA5BEBC67}.Debug|x86.Build.0 = Debug|Any CPU
		{68F29CE4-9FDA-45C5-BCFF-DDECA5BEBC67}.Release|Any CPU.ActiveCfg = Release|Any CPU
		{68F29CE4-9FDA-45C5-BCFF-DDECA5BEBC67}.Release|Any CPU.Build.0 = Release|Any CPU
		{68F29CE4-9FDA-45C5-BCFF-DDECA5BEBC67}.Release|x64.ActiveCfg = Release|Any CPU
		{68F29CE4-9FDA-45C5-BCFF-DDECA5BEBC67}.Release|x64.Build.0 = Release|Any CPU
		{68F29CE4-9FDA-45C5-BCFF-DDECA5BEBC67}.Release|x86.ActiveCfg = Release|Any CPU
		{68F29CE4-9FDA-45C5-BCFF-DDECA5BEBC67}.Release|x86.Build.0 = Release|Any CPU
		{DCB70FA2-9F7F-467D-B7F9-0FD70674CBF1}.Debug|Any CPU.ActiveCfg = Debug|Any CPU
		{DCB70FA2-9F7F-467D-B7F9-0FD70674CBF1}.Debug|Any CPU.Build.0 = Debug|Any CPU
		{DCB70FA2-9F7F-467D-B7F9-0FD70674CBF1}.Debug|x64.ActiveCfg = Debug|Any CPU
		{DCB70FA2-9F7F-467D-B7F9-0FD70674CBF1}.Debug|x64.Build.0 = Debug|Any CPU
		{DCB70FA2-9F7F-467D-B7F9-0FD70674CBF1}.Debug|x86.ActiveCfg = Debug|Any CPU
		{DCB70FA2-9F7F-467D-B7F9-0FD70674CBF1}.Debug|x86.Build.0 = Debug|Any CPU
		{DCB70FA2-9F7F-467D-B7F9-0FD70674CBF1}.Release|Any CPU.ActiveCfg = Release|Any CPU
		{DCB70FA2-9F7F-467D-B7F9-0FD70674CBF1}.Release|Any CPU.Build.0 = Release|Any CPU
		{DCB70FA2-9F7F-467D-B7F9-0FD70674CBF1}.Release|x64.ActiveCfg = Release|Any CPU
		{DCB70FA2-9F7F-467D-B7F9-0FD70674CBF1}.Release|x64.Build.0 = Release|Any CPU
		{DCB70FA2-9F7F-467D-B7F9-0FD70674CBF1}.Release|x86.ActiveCfg = Release|Any CPU
		{DCB70FA2-9F7F-467D-B7F9-0FD70674CBF1}.Release|x86.Build.0 = Release|Any CPU
		{0CF37B19-5F6E-411A-B2A2-963215DE1A5F}.Debug|Any CPU.ActiveCfg = Debug|Any CPU
		{0CF37B19-5F6E-411A-B2A2-963215DE1A5F}.Debug|Any CPU.Build.0 = Debug|Any CPU
		{0CF37B19-5F6E-411A-B2A2-963215DE1A5F}.Debug|x64.ActiveCfg = Debug|Any CPU
		{0CF37B19-5F6E-411A-B2A2-963215DE1A5F}.Debug|x64.Build.0 = Debug|Any CPU
		{0CF37B19-5F6E-411A-B2A2-963215DE1A5F}.Debug|x86.ActiveCfg = Debug|Any CPU
		{0CF37B19-5F6E-411A-B2A2-963215DE1A5F}.Debug|x86.Build.0 = Debug|Any CPU
		{0CF37B19-5F6E-411A-B2A2-963215DE1A5F}.Release|Any CPU.ActiveCfg = Release|Any CPU
		{0CF37B19-5F6E-411A-B2A2-963215DE1A5F}.Release|Any CPU.Build.0 = Release|Any CPU
		{0CF37B19-5F6E-411A-B2A2-963215DE1A5F}.Release|x64.ActiveCfg = Release|Any CPU
		{0CF37B19-5F6E-411A-B2A2-963215DE1A5F}.Release|x64.Build.0 = Release|Any CPU
		{0CF37B19-5F6E-411A-B2A2-963215DE1A5F}.Release|x86.ActiveCfg = Release|Any CPU
		{0CF37B19-5F6E-411A-B2A2-963215DE1A5F}.Release|x86.Build.0 = Release|Any CPU
		{2C644CE0-9127-472E-863B-C43992CAA7FC}.Debug|Any CPU.ActiveCfg = Debug|Any CPU
		{2C644CE0-9127-472E-863B-C43992CAA7FC}.Debug|Any CPU.Build.0 = Debug|Any CPU
		{2C644CE0-9127-472E-863B-C43992CAA7FC}.Debug|x64.ActiveCfg = Debug|Any CPU
		{2C644CE0-9127-472E-863B-C43992CAA7FC}.Debug|x64.Build.0 = Debug|Any CPU
		{2C644CE0-9127-472E-863B-C43992CAA7FC}.Debug|x86.ActiveCfg = Debug|Any CPU
		{2C644CE0-9127-472E-863B-C43992CAA7FC}.Debug|x86.Build.0 = Debug|Any CPU
		{2C644CE0-9127-472E-863B-C43992CAA7FC}.Release|Any CPU.ActiveCfg = Release|Any CPU
		{2C644CE0-9127-472E-863B-C43992CAA7FC}.Release|Any CPU.Build.0 = Release|Any CPU
		{2C644CE0-9127-472E-863B-C43992CAA7FC}.Release|x64.ActiveCfg = Release|Any CPU
		{2C644CE0-9127-472E-863B-C43992CAA7FC}.Release|x64.Build.0 = Release|Any CPU
		{2C644CE0-9127-472E-863B-C43992CAA7FC}.Release|x86.ActiveCfg = Release|Any CPU
		{2C644CE0-9127-472E-863B-C43992CAA7FC}.Release|x86.Build.0 = Release|Any CPU
		{1F05A67E-75D2-44F7-92A2-1FB26D5FB9E0}.Debug|Any CPU.ActiveCfg = Debug|Any CPU
		{1F05A67E-75D2-44F7-92A2-1FB26D5FB9E0}.Debug|Any CPU.Build.0 = Debug|Any CPU
		{1F05A67E-75D2-44F7-92A2-1FB26D5FB9E0}.Debug|x64.ActiveCfg = Debug|Any CPU
		{1F05A67E-75D2-44F7-92A2-1FB26D5FB9E0}.Debug|x64.Build.0 = Debug|Any CPU
		{1F05A67E-75D2-44F7-92A2-1FB26D5FB9E0}.Debug|x86.ActiveCfg = Debug|Any CPU
		{1F05A67E-75D2-44F7-92A2-1FB26D5FB9E0}.Debug|x86.Build.0 = Debug|Any CPU
		{1F05A67E-75D2-44F7-92A2-1FB26D5FB9E0}.Release|Any CPU.ActiveCfg = Release|Any CPU
		{1F05A67E-75D2-44F7-92A2-1FB26D5FB9E0}.Release|Any CPU.Build.0 = Release|Any CPU
		{1F05A67E-75D2-44F7-92A2-1FB26D5FB9E0}.Release|x64.ActiveCfg = Release|Any CPU
		{1F05A67E-75D2-44F7-92A2-1FB26D5FB9E0}.Release|x64.Build.0 = Release|Any CPU
		{1F05A67E-75D2-44F7-92A2-1FB26D5FB9E0}.Release|x86.ActiveCfg = Release|Any CPU
		{1F05A67E-75D2-44F7-92A2-1FB26D5FB9E0}.Release|x86.Build.0 = Release|Any CPU
		{26481E6F-42FB-4AC8-AF9E-819426E9ACBF}.Debug|Any CPU.ActiveCfg = Debug|Any CPU
		{26481E6F-42FB-4AC8-AF9E-819426E9ACBF}.Debug|Any CPU.Build.0 = Debug|Any CPU
		{26481E6F-42FB-4AC8-AF9E-819426E9ACBF}.Debug|x64.ActiveCfg = Debug|Any CPU
		{26481E6F-42FB-4AC8-AF9E-819426E9ACBF}.Debug|x64.Build.0 = Debug|Any CPU
		{26481E6F-42FB-4AC8-AF9E-819426E9ACBF}.Debug|x86.ActiveCfg = Debug|Any CPU
		{26481E6F-42FB-4AC8-AF9E-819426E9ACBF}.Debug|x86.Build.0 = Debug|Any CPU
		{26481E6F-42FB-4AC8-AF9E-819426E9ACBF}.Release|Any CPU.ActiveCfg = Release|Any CPU
		{26481E6F-42FB-4AC8-AF9E-819426E9ACBF}.Release|Any CPU.Build.0 = Release|Any CPU
		{26481E6F-42FB-4AC8-AF9E-819426E9ACBF}.Release|x64.ActiveCfg = Release|Any CPU
		{26481E6F-42FB-4AC8-AF9E-819426E9ACBF}.Release|x64.Build.0 = Release|Any CPU
		{26481E6F-42FB-4AC8-AF9E-819426E9ACBF}.Release|x86.ActiveCfg = Release|Any CPU
		{26481E6F-42FB-4AC8-AF9E-819426E9ACBF}.Release|x86.Build.0 = Release|Any CPU
		{1484A030-073F-4EBA-83BB-D4BC2F74A2CF}.Debug|Any CPU.ActiveCfg = Debug|Any CPU
		{1484A030-073F-4EBA-83BB-D4BC2F74A2CF}.Debug|Any CPU.Build.0 = Debug|Any CPU
		{1484A030-073F-4EBA-83BB-D4BC2F74A2CF}.Debug|x64.ActiveCfg = Debug|Any CPU
		{1484A030-073F-4EBA-83BB-D4BC2F74A2CF}.Debug|x64.Build.0 = Debug|Any CPU
		{1484A030-073F-4EBA-83BB-D4BC2F74A2CF}.Debug|x86.ActiveCfg = Debug|Any CPU
		{1484A030-073F-4EBA-83BB-D4BC2F74A2CF}.Debug|x86.Build.0 = Debug|Any CPU
		{1484A030-073F-4EBA-83BB-D4BC2F74A2CF}.Release|Any CPU.ActiveCfg = Release|Any CPU
		{1484A030-073F-4EBA-83BB-D4BC2F74A2CF}.Release|Any CPU.Build.0 = Release|Any CPU
		{1484A030-073F-4EBA-83BB-D4BC2F74A2CF}.Release|x64.ActiveCfg = Release|Any CPU
		{1484A030-073F-4EBA-83BB-D4BC2F74A2CF}.Release|x64.Build.0 = Release|Any CPU
		{1484A030-073F-4EBA-83BB-D4BC2F74A2CF}.Release|x86.ActiveCfg = Release|Any CPU
		{1484A030-073F-4EBA-83BB-D4BC2F74A2CF}.Release|x86.Build.0 = Release|Any CPU
		{B9FC43EB-7054-43CB-A17C-F6C0B0B3343B}.Debug|Any CPU.ActiveCfg = Debug|Any CPU
		{B9FC43EB-7054-43CB-A17C-F6C0B0B3343B}.Debug|Any CPU.Build.0 = Debug|Any CPU
		{B9FC43EB-7054-43CB-A17C-F6C0B0B3343B}.Debug|x64.ActiveCfg = Debug|Any CPU
		{B9FC43EB-7054-43CB-A17C-F6C0B0B3343B}.Debug|x64.Build.0 = Debug|Any CPU
		{B9FC43EB-7054-43CB-A17C-F6C0B0B3343B}.Debug|x86.ActiveCfg = Debug|Any CPU
		{B9FC43EB-7054-43CB-A17C-F6C0B0B3343B}.Debug|x86.Build.0 = Debug|Any CPU
		{B9FC43EB-7054-43CB-A17C-F6C0B0B3343B}.Release|Any CPU.ActiveCfg = Release|Any CPU
		{B9FC43EB-7054-43CB-A17C-F6C0B0B3343B}.Release|Any CPU.Build.0 = Release|Any CPU
		{B9FC43EB-7054-43CB-A17C-F6C0B0B3343B}.Release|x64.ActiveCfg = Release|Any CPU
		{B9FC43EB-7054-43CB-A17C-F6C0B0B3343B}.Release|x64.Build.0 = Release|Any CPU
		{B9FC43EB-7054-43CB-A17C-F6C0B0B3343B}.Release|x86.ActiveCfg = Release|Any CPU
		{B9FC43EB-7054-43CB-A17C-F6C0B0B3343B}.Release|x86.Build.0 = Release|Any CPU
	EndGlobalSection
	GlobalSection(NestedProjects) = preSolution
		{1F05A67E-75D2-44F7-92A2-1FB26D5FB9E0} = {D1E77226-3E9A-4523-8AAC-C6DF0E62EAD8}
		{26481E6F-42FB-4AC8-AF9E-819426E9ACBF} = {D1E77226-3E9A-4523-8AAC-C6DF0E62EAD8}
		{1484A030-073F-4EBA-83BB-D4BC2F74A2CF} = {D1E77226-3E9A-4523-8AAC-C6DF0E62EAD8}
		{B9FC43EB-7054-43CB-A17C-F6C0B0B3343B} = {D1E77226-3E9A-4523-8AAC-C6DF0E62EAD8}
	EndGlobalSection
EndGlobal
